
Microsoft Visual Studio Solution File, Format Version 12.00
# Visual Studio 15
VisualStudioVersion = 15.0.27703.2026
MinimumVisualStudioVersion = 10.0.40219.1
Project("{FAE04EC0-301F-11D3-BF4B-00C04F79EFBC}") = "IOTReef-HubModule", "IOTReef-HubModule\IOTReef-HubModule.csproj", "{45CB40B0-938A-4EF8-B54A-4DC57DD696D2}"
EndProject
Project("{E6C563F2-BDC2-4A24-ACBF-01715157DCBB}") = "IOTReefSA", "IOTReefSA\IOTReefSA.asaproj", "{E85F2559-B94B-4007-B791-4AC74D8FB6F7}"
EndProject
Project("{FAE04EC0-301F-11D3-BF4B-00C04F79EFBC}") = "UWP_App", "UWP App\UWP_App.csproj", "{C0A4567B-93A3-48F6-BC81-9F6C95BCCAD8}"
EndProject
Global
	GlobalSection(SolutionConfigurationPlatforms) = preSolution
		Debug|Any CPU = Debug|Any CPU
		Debug|ARM = Debug|ARM
		Debug|x64 = Debug|x64
		Debug|x86 = Debug|x86
		Release|Any CPU = Release|Any CPU
		Release|ARM = Release|ARM
		Release|x64 = Release|x64
		Release|x86 = Release|x86
	EndGlobalSection
	GlobalSection(ProjectConfigurationPlatforms) = postSolution
		{45CB40B0-938A-4EF8-B54A-4DC57DD696D2}.Debug|Any CPU.ActiveCfg = Debug|x86
		{45CB40B0-938A-4EF8-B54A-4DC57DD696D2}.Debug|ARM.ActiveCfg = Debug|ARM
		{45CB40B0-938A-4EF8-B54A-4DC57DD696D2}.Debug|ARM.Build.0 = Debug|ARM
		{45CB40B0-938A-4EF8-B54A-4DC57DD696D2}.Debug|ARM.Deploy.0 = Debug|ARM
		{45CB40B0-938A-4EF8-B54A-4DC57DD696D2}.Debug|x64.ActiveCfg = Debug|x64
		{45CB40B0-938A-4EF8-B54A-4DC57DD696D2}.Debug|x64.Build.0 = Debug|x64
		{45CB40B0-938A-4EF8-B54A-4DC57DD696D2}.Debug|x64.Deploy.0 = Debug|x64
		{45CB40B0-938A-4EF8-B54A-4DC57DD696D2}.Debug|x86.ActiveCfg = Debug|x86
		{45CB40B0-938A-4EF8-B54A-4DC57DD696D2}.Debug|x86.Build.0 = Debug|x86
		{45CB40B0-938A-4EF8-B54A-4DC57DD696D2}.Debug|x86.Deploy.0 = Debug|x86
		{45CB40B0-938A-4EF8-B54A-4DC57DD696D2}.Release|Any CPU.ActiveCfg = Release|x86
		{45CB40B0-938A-4EF8-B54A-4DC57DD696D2}.Release|ARM.ActiveCfg = Release|ARM
		{45CB40B0-938A-4EF8-B54A-4DC57DD696D2}.Release|ARM.Build.0 = Release|ARM
		{45CB40B0-938A-4EF8-B54A-4DC57DD696D2}.Release|ARM.Deploy.0 = Release|ARM
		{45CB40B0-938A-4EF8-B54A-4DC57DD696D2}.Release|x64.ActiveCfg = Release|x64
		{45CB40B0-938A-4EF8-B54A-4DC57DD696D2}.Release|x64.Build.0 = Release|x64
		{45CB40B0-938A-4EF8-B54A-4DC57DD696D2}.Release|x64.Deploy.0 = Release|x64
		{45CB40B0-938A-4EF8-B54A-4DC57DD696D2}.Release|x86.ActiveCfg = Release|x86
		{45CB40B0-938A-4EF8-B54A-4DC57DD696D2}.Release|x86.Build.0 = Release|x86
		{45CB40B0-938A-4EF8-B54A-4DC57DD696D2}.Release|x86.Deploy.0 = Release|x86
		{E85F2559-B94B-4007-B791-4AC74D8FB6F7}.Debug|Any CPU.ActiveCfg = Debug|Any CPU
		{E85F2559-B94B-4007-B791-4AC74D8FB6F7}.Debug|Any CPU.Build.0 = Debug|Any CPU
		{E85F2559-B94B-4007-B791-4AC74D8FB6F7}.Debug|ARM.ActiveCfg = Debug|Any CPU
		{E85F2559-B94B-4007-B791-4AC74D8FB6F7}.Debug|ARM.Build.0 = Debug|Any CPU
		{E85F2559-B94B-4007-B791-4AC74D8FB6F7}.Debug|x64.ActiveCfg = Debug|Any CPU
		{E85F2559-B94B-4007-B791-4AC74D8FB6F7}.Debug|x64.Build.0 = Debug|Any CPU
		{E85F2559-B94B-4007-B791-4AC74D8FB6F7}.Debug|x86.ActiveCfg = Debug|Any CPU
		{E85F2559-B94B-4007-B791-4AC74D8FB6F7}.Debug|x86.Build.0 = Debug|Any CPU
		{E85F2559-B94B-4007-B791-4AC74D8FB6F7}.Release|Any CPU.ActiveCfg = Release|Any CPU
		{E85F2559-B94B-4007-B791-4AC74D8FB6F7}.Release|Any CPU.Build.0 = Release|Any CPU
		{E85F2559-B94B-4007-B791-4AC74D8FB6F7}.Release|ARM.ActiveCfg = Release|Any CPU
		{E85F2559-B94B-4007-B791-4AC74D8FB6F7}.Release|ARM.Build.0 = Release|Any CPU
		{E85F2559-B94B-4007-B791-4AC74D8FB6F7}.Release|x64.ActiveCfg = Release|Any CPU
		{E85F2559-B94B-4007-B791-4AC74D8FB6F7}.Release|x64.Build.0 = Release|Any CPU
		{E85F2559-B94B-4007-B791-4AC74D8FB6F7}.Release|x86.ActiveCfg = Release|Any CPU
		{E85F2559-B94B-4007-B791-4AC74D8FB6F7}.Release|x86.Build.0 = Release|Any CPU
		{C0A4567B-93A3-48F6-BC81-9F6C95BCCAD8}.Debug|Any CPU.ActiveCfg = Debug|x86
		{C0A4567B-93A3-48F6-BC81-9F6C95BCCAD8}.Debug|ARM.ActiveCfg = Debug|ARM
		{C0A4567B-93A3-48F6-BC81-9F6C95BCCAD8}.Debug|ARM.Build.0 = Debug|ARM
		{C0A4567B-93A3-48F6-BC81-9F6C95BCCAD8}.Debug|ARM.Deploy.0 = Debug|ARM
		{C0A4567B-93A3-48F6-BC81-9F6C95BCCAD8}.Debug|x64.ActiveCfg = Debug|x64
		{C0A4567B-93A3-48F6-BC81-9F6C95BCCAD8}.Debug|x64.Build.0 = Debug|x64
		{C0A4567B-93A3-48F6-BC81-9F6C95BCCAD8}.Debug|x64.Deploy.0 = Debug|x64
		{C0A4567B-93A3-48F6-BC81-9F6C95BCCAD8}.Debug|x86.ActiveCfg = Debug|x86
		{C0A4567B-93A3-48F6-BC81-9F6C95BCCAD8}.Debug|x86.Build.0 = Debug|x86
		{C0A4567B-93A3-48F6-BC81-9F6C95BCCAD8}.Debug|x86.Deploy.0 = Debug|x86
		{C0A4567B-93A3-48F6-BC81-9F6C95BCCAD8}.Release|Any CPU.ActiveCfg = Release|x86
		{C0A4567B-93A3-48F6-BC81-9F6C95BCCAD8}.Release|ARM.ActiveCfg = Release|ARM
		{C0A4567B-93A3-48F6-BC81-9F6C95BCCAD8}.Release|ARM.Build.0 = Release|ARM
		{C0A4567B-93A3-48F6-BC81-9F6C95BCCAD8}.Release|ARM.Deploy.0 = Release|ARM
		{C0A4567B-93A3-48F6-BC81-9F6C95BCCAD8}.Release|x64.ActiveCfg = Release|x64
		{C0A4567B-93A3-48F6-BC81-9F6C95BCCAD8}.Release|x64.Build.0 = Release|x64
		{C0A4567B-93A3-48F6-BC81-9F6C95BCCAD8}.Release|x64.Deploy.0 = Release|x64
		{C0A4567B-93A3-48F6-BC81-9F6C95BCCAD8}.Release|x86.ActiveCfg = Release|x86
		{C0A4567B-93A3-48F6-BC81-9F6C95BCCAD8}.Release|x86.Build.0 = Release|x86
		{C0A4567B-93A3-48F6-BC81-9F6C95BCCAD8}.Release|x86.Deploy.0 = Release|x86
	EndGlobalSection
	GlobalSection(SolutionProperties) = preSolution
		HideSolutionNode = FALSE
	EndGlobalSection
	GlobalSection(ExtensibilityGlobals) = postSolution
		SolutionGuid = {21A60F2B-2C41-4943-806F-C9F49B324B40}
	EndGlobalSection
EndGlobal
